// !$*UTF8*$!
{
	archiveVersion = 1;
	classes = {
	};
	objectVersion = 50;
	objects = {

/* Begin PBXBuildFile section */
		FA5FCF2D24121A7B00CDA848 /* AppDelegate.swift in Sources */ = {isa = PBXBuildFile; fileRef = FA5FCF2C24121A7B00CDA848 /* AppDelegate.swift */; };
		FA5FCF2F24121A7B00CDA848 /* ViewController.swift in Sources */ = {isa = PBXBuildFile; fileRef = FA5FCF2E24121A7B00CDA848 /* ViewController.swift */; };
		FA5FCF3224121A7B00CDA848 /* Main.storyboard in Resources */ = {isa = PBXBuildFile; fileRef = FA5FCF3024121A7B00CDA848 /* Main.storyboard */; };
		FA5FCF3424121A7F00CDA848 /* Assets.xcassets in Resources */ = {isa = PBXBuildFile; fileRef = FA5FCF3324121A7F00CDA848 /* Assets.xcassets */; };
		FA5FCF3724121A7F00CDA848 /* LaunchScreen.storyboard in Resources */ = {isa = PBXBuildFile; fileRef = FA5FCF3524121A7F00CDA848 /* LaunchScreen.storyboard */; };
		FA5FCF4E24121EC100CDA848 /* Localizable.strings in Resources */ = {isa = PBXBuildFile; fileRef = FA5FCF5024121EC100CDA848 /* Localizable.strings */; };
		FA5FCF5624122B0100CDA848 /* InfoPlist.strings in Resources */ = {isa = PBXBuildFile; fileRef = FA5FCF5824122B0100CDA848 /* InfoPlist.strings */; };
/* End PBXBuildFile section */

/* Begin PBXFileReference section */
		FA5FCF2924121A7B00CDA848 /* DemoLocali.app */ = {isa = PBXFileReference; explicitFileType = wrapper.application; includeInIndex = 0; path = DemoLocali.app; sourceTree = BUILT_PRODUCTS_DIR; };
		FA5FCF2C24121A7B00CDA848 /* AppDelegate.swift */ = {isa = PBXFileReference; lastKnownFileType = sourcecode.swift; path = AppDelegate.swift; sourceTree = "<group>"; };
		FA5FCF2E24121A7B00CDA848 /* ViewController.swift */ = {isa = PBXFileReference; lastKnownFileType = sourcecode.swift; path = ViewController.swift; sourceTree = "<group>"; };
		FA5FCF3124121A7B00CDA848 /* Base */ = {isa = PBXFileReference; lastKnownFileType = file.storyboard; name = Base; path = Base.lproj/Main.storyboard; sourceTree = "<group>"; };
		FA5FCF3324121A7F00CDA848 /* Assets.xcassets */ = {isa = PBXFileReference; lastKnownFileType = folder.assetcatalog; path = Assets.xcassets; sourceTree = "<group>"; };
		FA5FCF3624121A7F00CDA848 /* Base */ = {isa = PBXFileReference; lastKnownFileType = file.storyboard; name = Base; path = Base.lproj/LaunchScreen.storyboard; sourceTree = "<group>"; };
		FA5FCF3824121A8000CDA848 /* Info.plist */ = {isa = PBXFileReference; lastKnownFileType = text.plist.xml; path = Info.plist; sourceTree = "<group>"; };
		FA5FCF4924121C7A00CDA848 /* ja */ = {isa = PBXFileReference; lastKnownFileType = text.plist.strings; name = ja; path = ja.lproj/LaunchScreen.strings; sourceTree = "<group>"; };
		FA5FCF4B24121D4900CDA848 /* en */ = {isa = PBXFileReference; lastKnownFileType = text.plist.strings; name = en; path = en.lproj/Main.strings; sourceTree = "<group>"; };
		FA5FCF4F24121EC100CDA848 /* en */ = {isa = PBXFileReference; lastKnownFileType = text.plist.strings; name = en; path = en.lproj/Localizable.strings; sourceTree = "<group>"; };
		FA5FCF5124121EC500CDA848 /* ja */ = {isa = PBXFileReference; lastKnownFileType = text.plist.strings; name = ja; path = ja.lproj/Localizable.strings; sourceTree = "<group>"; };
		FA5FCF532412289300CDA848 /* ja */ = {isa = PBXFileReference; lastKnownFileType = text.plist.strings; name = ja; path = ja.lproj/Main.strings; sourceTree = "<group>"; };
		FA5FCF5724122B0100CDA848 /* en */ = {isa = PBXFileReference; lastKnownFileType = text.plist.strings; name = en; path = en.lproj/InfoPlist.strings; sourceTree = "<group>"; };
		FA5FCF5924122B0600CDA848 /* ja */ = {isa = PBXFileReference; lastKnownFileType = text.plist.strings; name = ja; path = ja.lproj/InfoPlist.strings; sourceTree = "<group>"; };
/* End PBXFileReference section */

/* Begin PBXFrameworksBuildPhase section */
		FA5FCF2624121A7B00CDA848 /* Frameworks */ = {
			isa = PBXFrameworksBuildPhase;
			buildActionMask = 2147483647;
			files = (
			);
			runOnlyForDeploymentPostprocessing = 0;
		};
/* End PBXFrameworksBuildPhase section */

/* Begin PBXGroup section */
		FA5FCF2024121A7B00CDA848 = {
			isa = PBXGroup;
			children = (
				FA5FCF2B24121A7B00CDA848 /* DemoLocali */,
				FA5FCF2A24121A7B00CDA848 /* Products */,
			);
			sourceTree = "<group>";
		};
		FA5FCF2A24121A7B00CDA848 /* Products */ = {
			isa = PBXGroup;
			children = (
				FA5FCF2924121A7B00CDA848 /* DemoLocali.app */,
			);
			name = Products;
			sourceTree = "<group>";
		};
		FA5FCF2B24121A7B00CDA848 /* DemoLocali */ = {
			isa = PBXGroup;
			children = (
				FA5FCF2C24121A7B00CDA848 /* AppDelegate.swift */,
				FA5FCF2E24121A7B00CDA848 /* ViewController.swift */,
				FA5FCF3024121A7B00CDA848 /* Main.storyboard */,
				FA5FCF3324121A7F00CDA848 /* Assets.xcassets */,
				FA5FCF3524121A7F00CDA848 /* LaunchScreen.storyboard */,
				FA5FCF3824121A8000CDA848 /* Info.plist */,
				FA5FCF5024121EC100CDA848 /* Localizable.strings */,
				FA5FCF5824122B0100CDA848 /* InfoPlist.strings */,
			);
			path = DemoLocali;
			sourceTree = "<group>";
		};
/* End PBXGroup section */

/* Begin PBXNativeTarget section */
		FA5FCF2824121A7B00CDA848 /* DemoLocali */ = {
			isa = PBXNativeTarget;
			buildConfigurationList = FA5FCF3B24121A8000CDA848 /* Build configuration list for PBXNativeTarget "DemoLocali" */;
			buildPhases = (
				FA5FCF2524121A7B00CDA848 /* Sources */,
				FA5FCF2624121A7B00CDA848 /* Frameworks */,
				FA5FCF2724121A7B00CDA848 /* Resources */,
			);
			buildRules = (
			);
			dependencies = (
			);
			name = DemoLocali;
			productName = DemoLocali;
			productReference = FA5FCF2924121A7B00CDA848 /* DemoLocali.app */;
			productType = "com.apple.product-type.application";
		};
/* End PBXNativeTarget section */

/* Begin PBXProject section */
		FA5FCF2124121A7B00CDA848 /* Project object */ = {
			isa = PBXProject;
			attributes = {
				LastSwiftUpdateCheck = 1030;
				LastUpgradeCheck = 1030;
				ORGANIZATIONNAME = Deftsoft;
				TargetAttributes = {
					FA5FCF2824121A7B00CDA848 = {
						CreatedOnToolsVersion = 10.3;
					};
				};
			};
			buildConfigurationList = FA5FCF2424121A7B00CDA848 /* Build configuration list for PBXProject "DemoLocali" */;
			compatibilityVersion = "Xcode 9.3";
			developmentRegion = en;
			hasScannedForEncodings = 0;
			knownRegions = (
				en,
				Base,
				ja,
			);
			mainGroup = FA5FCF2024121A7B00CDA848;
			productRefGroup = FA5FCF2A24121A7B00CDA848 /* Products */;
			projectDirPath = "";
			projectRoot = "";
			targets = (
				FA5FCF2824121A7B00CDA848 /* DemoLocali */,
			);
		};
/* End PBXProject section */

/* Begin PBXResourcesBuildPhase section */
		FA5FCF2724121A7B00CDA848 /* Resources */ = {
			isa = PBXResourcesBuildPhase;
			buildActionMask = 2147483647;
			files = (
				FA5FCF3724121A7F00CDA848 /* LaunchScreen.storyboard in Resources */,
				FA5FCF4E24121EC100CDA848 /* Localizable.strings in Resources */,
				FA5FCF3424121A7F00CDA848 /* Assets.xcassets in Resources */,
				FA5FCF3224121A7B00CDA848 /* Main.storyboard in Resources */,
				FA5FCF5624122B0100CDA848 /* InfoPlist.strings in Resources */,
			);
			runOnlyForDeploymentPostprocessing = 0;
		};
/* End PBXResourcesBuildPhase section */

/* Begin PBXSourcesBuildPhase section */
		FA5FCF2524121A7B00CDA848 /* Sources */ = {
			isa = PBXSourcesBuildPhase;
			buildActionMask = 2147483647;
			files = (
				FA5FCF2F24121A7B00CDA848 /* ViewController.swift in Sources */,
				FA5FCF2D24121A7B00CDA848 /* AppDelegate.swift in Sources */,
			);
			runOnlyForDeploymentPostprocessing = 0;
		};
/* End PBXSourcesBuildPhase section */

/* Begin PBXVariantGroup section */
		FA5FCF3024121A7B00CDA848 /* Main.storyboard */ = {
			isa = PBXVariantGroup;
			children = (
				FA5FCF3124121A7B00CDA848 /* Base */,
				FA5FCF4B24121D4900CDA848 /* en */,
				FA5FCF532412289300CDA848 /* ja */,
			);
			name = Main.storyboard;
			sourceTree = "<group>";
		};
		FA5FCF3524121A7F00CDA848 /* LaunchScreen.storyboard */ = {
			isa = PBXVariantGroup;
			children = (
				FA5FCF3624121A7F00CDA848 /* Base */,
				FA5FCF4924121C7A00CDA848 /* ja */,
			);
			name = LaunchScreen.storyboard;
			sourceTree = "<group>";
		};
		FA5FCF5024121EC100CDA848 /* Localizable.strings */ = {
			isa = PBXVariantGroup;
			children = (
				FA5FCF4F24121EC100CDA848 /* en */,
				FA5FCF5124121EC500CDA848 /* ja */,
			);
			name = Localizable.strings;
			sourceTree = "<group>";
		};
		FA5FCF5824122B0100CDA848 /* InfoPlist.strings */ = {
			isa = PBXVariantGroup;
			children = (
				FA5FCF5724122B0100CDA848 /* en */,
				FA5FCF5924122B0600CDA848 /* ja */,
			);
			name = InfoPlist.strings;
			sourceTree = "<group>";
		};
/* End PBXVariantGroup section */

/* Begin XCBuildConfiguration section */
		FA5FCF3924121A8000CDA848 /* Debug */ = {
			isa = XCBuildConfiguration;
			buildSettings = {
				ALWAYS_SEARCH_USER_PATHS = NO;
				CLANG_ANALYZER_LOCALIZABILITY_NONLOCALIZED = YES;
				CLANG_ANALYZER_NONNULL = YES;
				CLANG_ANALYZER_NUMBER_OBJECT_CONVERSION = YES_AGGRESSIVE;
				CLANG_CXX_LANGUAGE_STANDARD = "gnu++14";
				CLANG_CXX_LIBRARY = "libc++";
				CLANG_ENABLE_MODULES = YES;
				CLANG_ENABLE_OBJC_ARC = YES;
				CLANG_ENABLE_OBJC_WEAK = YES;
				CLANG_WARN_BLOCK_CAPTURE_AUTORELEASING = YES;
				CLANG_WARN_BOOL_CONVERSION = YES;
				CLANG_WARN_COMMA = YES;
				CLANG_WARN_CONSTANT_CONVERSION = YES;
				CLANG_WARN_DEPRECATED_OBJC_IMPLEMENTATIONS = YES;
				CLANG_WARN_DIRECT_OBJC_ISA_USAGE = YES_ERROR;
				CLANG_WARN_DOCUMENTATION_COMMENTS = YES;
				CLANG_WARN_EMPTY_BODY = YES;
				CLANG_WARN_ENUM_CONVERSION = YES;
				CLANG_WARN_INFINITE_RECURSION = YES;
				CLANG_WARN_INT_CONVERSION = YES;
				CLANG_WARN_NON_LITERAL_NULL_CONVERSION = YES;
				CLANG_WARN_OBJC_IMPLICIT_RETAIN_SELF = YES;
				CLANG_WARN_OBJC_LITERAL_CONVERSION = YES;
				CLANG_WARN_OBJC_ROOT_CLASS = YES_ERROR;
				CLANG_WARN_RANGE_LOOP_ANALYSIS = YES;
				CLANG_WARN_STRICT_PROTOTYPES = YES;
				CLANG_WARN_SUSPICIOUS_MOVE = YES;
				CLANG_WARN_UNGUARDED_AVAILABILITY = YES_AGGRESSIVE;
				CLANG_WARN_UNREACHABLE_CODE = YES;
				CLANG_WARN__DUPLICATE_METHOD_MATCH = YES;
				CODE_SIGN_IDENTITY = "iPhone Developer";
				COPY_PHASE_STRIP = NO;
				DEBUG_INFORMATION_FORMAT = dwarf;
				ENABLE_STRICT_OBJC_MSGSEND = YES;
				ENABLE_TESTABILITY = YES;
				GCC_C_LANGUAGE_STANDARD = gnu11;
				GCC_DYNAMIC_NO_PIC = NO;
				GCC_NO_COMMON_BLOCKS = YES;
				GCC_OPTIMIZATION_LEVEL = 0;
				GCC_PREPROCESSOR_DEFINITIONS = (
					"DEBUG=1",
					"$(inherited)",
				);
				GCC_WARN_64_TO_32_BIT_CONVERSION = YES;
				GCC_WARN_ABOUT_RETURN_TYPE = YES_ERROR;
				GCC_WARN_UNDECLARED_SELECTOR = YES;
				GCC_WARN_UNINITIALIZED_AUTOS = YES_AGGRESSIVE;
				GCC_WARN_UNUSED_FUNCTION = YES;
				GCC_WARN_UNUSED_VARIABLE = YES;
				IPHONEOS_DEPLOYMENT_TARGET = 12.4;
				MTL_ENABLE_DEBUG_INFO = INCLUDE_SOURCE;
				MTL_FAST_MATH = YES;
				ONLY_ACTIVE_ARCH = YES;
				SDKROOT = iphoneos;
				SWIFT_ACTIVE_COMPILATION_CONDITIONS = DEBUG;
				SWIFT_OPTIMIZATION_LEVEL = "-Onone";
			};
			name = Debug;
		};
		FA5FCF3A24121A8000CDA848 /* Release */ = {
			isa = XCBuildConfiguration;
			buildSettings = {
				ALWAYS_SEARCH_USER_PATHS = NO;
				CLANG_ANALYZER_LOCALIZABILITY_NONLOCALIZED = YES;
				CLANG_ANALYZER_NONNULL = YES;
				CLANG_ANALYZER_NUMBER_OBJECT_CONVERSION = YES_AGGRESSIVE;
				CLANG_CXX_LANGUAGE_STANDARD = "gnu++14";
				CLANG_CXX_LIBRARY = "libc++";
				CLANG_ENABLE_MODULES = YES;
				CLANG_ENABLE_OBJC_ARC = YES;
				CLANG_ENABLE_OBJC_WEAK = YES;
				CLANG_WARN_BLOCK_CAPTURE_AUTORELEASING = YES;
				CLANG_WARN_BOOL_CONVERSION = YES;
				CLANG_WARN_COMMA = YES;
				CLANG_WARN_CONSTANT_CONVERSION = YES;
				CLANG_WARN_DEPRECATED_OBJC_IMPLEMENTATIONS = YES;
				CLANG_WARN_DIRECT_OBJC_ISA_USAGE = YES_ERROR;
				CLANG_WARN_DOCUMENTATION_COMMENTS = YES;
				CLANG_WARN_EMPTY_BODY = YES;
				CLANG_WARN_ENUM_CONVERSION = YES;
				CLANG_WARN_INFINITE_RECURSION = YES;
				CLANG_WARN_INT_CONVERSION = YES;
				CLANG_WARN_NON_LITERAL_NULL_CONVERSION = YES;
				CLANG_WARN_OBJC_IMPLICIT_RETAIN_SELF = YES;
				CLANG_WARN_OBJC_LITERAL_CONVERSION = YES;
				CLANG_WARN_OBJC_ROOT_CLASS = YES_ERROR;
				CLANG_WARN_RANGE_LOOP_ANALYSIS = YES;
				CLANG_WARN_STRICT_PROTOTYPES = YES;
				CLANG_WARN_SUSPICIOUS_MOVE = YES;
				CLANG_WARN_UNGUARDED_AVAILABILITY = YES_AGGRESSIVE;
				CLANG_WARN_UNREACHABLE_CODE = YES;
				CLANG_WARN__DUPLICATE_METHOD_MATCH = YES;
				CODE_SIGN_IDENTITY = "iPhone Developer";
				COPY_PHASE_STRIP = NO;
				DEBUG_INFORMATION_FORMAT = "dwarf-with-dsym";
				ENABLE_NS_ASSERTIONS = NO;
				ENABLE_STRICT_OBJC_MSGSEND = YES;
				GCC_C_LANGUAGE_STANDARD = gnu11;
				GCC_NO_COMMON_BLOCKS = YES;
				GCC_WARN_64_TO_32_BIT_CONVERSION = YES;
				GCC_WARN_ABOUT_RETURN_TYPE = YES_ERROR;
				GCC_WARN_UNDECLARED_SELECTOR = YES;
				GCC_WARN_UNINITIALIZED_AUTOS = YES_AGGRESSIVE;
				GCC_WARN_UNUSED_FUNCTION = YES;
				GCC_WARN_UNUSED_VARIABLE = YES;
				IPHONEOS_DEPLOYMENT_TARGET = 12.4;
				MTL_ENABLE_DEBUG_INFO = NO;
				MTL_FAST_MATH = YES;
				SDKROOT = iphoneos;
				SWIFT_COMPILATION_MODE = wholemodule;
				SWIFT_OPTIMIZATION_LEVEL = "-O";
				VALIDATE_PRODUCT = YES;
			};
			name = Release;
		};
		FA5FCF3C24121A8000CDA848 /* Debug */ = {
			isa = XCBuildConfiguration;
			buildSettings = {
				ASSETCATALOG_COMPILER_APPICON_NAME = AppIcon;
				CODE_SIGN_STYLE = Automatic;
				INFOPLIST_FILE = DemoLocali/Info.plist;
				LD_RUNPATH_SEARCH_PATHS = (
					"$(inherited)",
					"@executable_path/Frameworks",
				);
				PRODUCT_BUNDLE_IDENTIFIER = com.deftsoft.DemoLocali;
				PRODUCT_NAME = "$(TARGET_NAME)";
				SWIFT_VERSION = 5.0;
				TARGETED_DEVICE_FAMILY = "1,2";
			};
			name = Debug;
		};
		FA5FCF3D24121A8000CDA848 /* Release */ = {
			isa = XCBuildConfiguration;
			buildSettings = {
				ASSETCATALOG_COMPILER_APPICON_NAME = AppIcon;
				CODE_SIGN_STYLE = Automatic;
				INFOPLIST_FILE = DemoLocali/Info.plist;
				LD_RUNPATH_SEARCH_PATHS = (
					"$(inherited)",
					"@executable_path/Frameworks",
				);
				PRODUCT_BUNDLE_IDENTIFIER = com.deftsoft.DemoLocali;
				PRODUCT_NAME = "$(TARGET_NAME)";
				SWIFT_VERSION = 5.0;
				TARGETED_DEVICE_FAMILY = "1,2";
			};
			name = Release;
		};
/* End XCBuildConfiguration section */

/* Begin XCConfigurationList section */
		FA5FCF2424121A7B00CDA848 /* Build configuration list for PBXProject "DemoLocali" */ = {
			isa = XCConfigurationList;
			buildConfigurations = (
				FA5FCF3924121A8000CDA848 /* Debug */,
				FA5FCF3A24121A8000CDA848 /* Release */,
			);
			defaultConfigurationIsVisible = 0;
			defaultConfigurationName = Release;
		};
		FA5FCF3B24121A8000CDA848 /* Build configuration list for PBXNativeTarget "DemoLocali" */ = {
			isa = XCConfigurationList;
			buildConfigurations = (
				FA5FCF3C24121A8000CDA848 /* Debug */,
				FA5FCF3D24121A8000CDA848 /* Release */,
			);
			defaultConfigurationIsVisible = 0;
			defaultConfigurationName = Release;
		};
/* End XCConfigurationList section */
	};
	rootObject = FA5FCF2124121A7B00CDA848 /* Project object */;
}
